
Microsoft Visual Studio Solution File, Format Version 12.00
# Visual Studio Version 16
VisualStudioVersion = 16.0.31624.102
MinimumVisualStudioVersion = 10.0.40219.1
Project("{F2A71F9B-5D33-465A-A702-920D77279786}") = "ConsoleApp3", "ConsoleApp3.fsproj", "{E59A34D2-A098-4CA3-8FED-3980F4C81BB3}"
EndProject
Global
	GlobalSection(SolutionConfigurationPlatforms) = preSolution
		Debug|Any CPU = Debug|Any CPU
		Release|Any CPU = Release|Any CPU
	EndGlobalSection
	GlobalSection(ProjectConfigurationPlatforms) = postSolution
		{E59A34D2-A098-4CA3-8FED-3980F4C81BB3}.Debug|Any CPU.ActiveCfg = Debug|Any CPU
		{E59A34D2-A098-4CA3-8FED-3980F4C81BB3}.Debug|Any CPU.Build.0 = Debug|Any CPU
		{E59A34D2-A098-4CA3-8FED-3980F4C81BB3}.Release|Any CPU.ActiveCfg = Release|Any CPU
		{E59A34D2-A098-4CA3-8FED-3980F4C81BB3}.Release|Any CPU.Build.0 = Release|Any CPU
	EndGlobalSection
	GlobalSection(SolutionProperties) = preSolution
		HideSolutionNode = FALSE
	EndGlobalSection
	GlobalSection(ExtensibilityGlobals) = postSolution
		SolutionGuid = {9FB799E3-653D-44C3-B6AB-5193B1E8A954}
	EndGlobalSection
EndGlobal
